
Microsoft Visual Studio Solution File, Format Version 12.00
# Visual Studio 2013
VisualStudioVersion = 12.0.21005.1
MinimumVisualStudioVersion = 10.0.40219.1
Project("{FAE04EC0-301F-11D3-BF4B-00C04F79EFBC}") = "Orden de compra", "Orden de compra\Orden de compra.csproj", "{36AEA53C-9ABD-4E44-9F45-8630E737204E}"
EndProject
Global
	GlobalSection(SolutionConfigurationPlatforms) = preSolution
		Debug|Any CPU = Debug|Any CPU
		Release|Any CPU = Release|Any CPU
	EndGlobalSection
	GlobalSection(ProjectConfigurationPlatforms) = postSolution
		{36AEA53C-9ABD-4E44-9F45-8630E737204E}.Debug|Any CPU.ActiveCfg = Debug|Any CPU
		{36AEA53C-9ABD-4E44-9F45-8630E737204E}.Debug|Any CPU.Build.0 = Debug|Any CPU
		{36AEA53C-9ABD-4E44-9F45-8630E737204E}.Release|Any CPU.ActiveCfg = Release|Any CPU
		{36AEA53C-9ABD-4E44-9F45-8630E737204E}.Release|Any CPU.Build.0 = Release|Any CPU
	EndGlobalSection
	GlobalSection(SolutionProperties) = preSolution
		HideSolutionNode = FALSE
	EndGlobalSection
EndGlobal
